
Microsoft Visual Studio Solution File, Format Version 12.00
# Visual Studio Version 17
VisualStudioVersion = 17.10.35027.167
MinimumVisualStudioVersion = 10.0.40219.1
Project("{9A19103F-16F7-4668-BE54-9A1E7A4F7556}") = "CloudStorage.API", "CloudStorage.API\CloudStorage.API.csproj", "{A8D07DD6-9F31-4568-B1E7-DE377B49C414}"
EndProject
Project("{9A19103F-16F7-4668-BE54-9A1E7A4F7556}") = "CloudStorage.Application", "CloudStorage.Application\CloudStorage.Application.csproj", "{C7069B34-96ED-4934-9B6B-AC861E004CDE}"
EndProject
Project("{FAE04EC0-301F-11D3-BF4B-00C04F79EFBC}") = "CloudStorage-Rocketseat.Infraestructure", "CloudStorage-Rocketseat.Infraestructure\CloudStorage-Rocketseat.Infraestructure.csproj", "{DD0A758D-AD67-410D-999F-658C83B75207}"
EndProject
Project("{FAE04EC0-301F-11D3-BF4B-00C04F79EFBC}") = "CloudStorage-Rocketseat.Domain", "CloudStorage-Rocketseat.Domain\CloudStorage-Rocketseat.Domain.csproj", "{31B816FE-7BEA-42B5-82CA-5ED96A51CC5F}"
EndProject
Global
	GlobalSection(SolutionConfigurationPlatforms) = preSolution
		Debug|Any CPU = Debug|Any CPU
		Release|Any CPU = Release|Any CPU
	EndGlobalSection
	GlobalSection(ProjectConfigurationPlatforms) = postSolution
		{A8D07DD6-9F31-4568-B1E7-DE377B49C414}.Debug|Any CPU.ActiveCfg = Debug|Any CPU
		{A8D07DD6-9F31-4568-B1E7-DE377B49C414}.Debug|Any CPU.Build.0 = Debug|Any CPU
		{A8D07DD6-9F31-4568-B1E7-DE377B49C414}.Release|Any CPU.ActiveCfg = Release|Any CPU
		{A8D07DD6-9F31-4568-B1E7-DE377B49C414}.Release|Any CPU.Build.0 = Release|Any CPU
		{C7069B34-96ED-4934-9B6B-AC861E004CDE}.Debug|Any CPU.ActiveCfg = Debug|Any CPU
		{C7069B34-96ED-4934-9B6B-AC861E004CDE}.Debug|Any CPU.Build.0 = Debug|Any CPU
		{C7069B34-96ED-4934-9B6B-AC861E004CDE}.Release|Any CPU.ActiveCfg = Release|Any CPU
		{C7069B34-96ED-4934-9B6B-AC861E004CDE}.Release|Any CPU.Build.0 = Release|Any CPU
		{DD0A758D-AD67-410D-999F-658C83B75207}.Debug|Any CPU.ActiveCfg = Debug|Any CPU
		{DD0A758D-AD67-410D-999F-658C83B75207}.Debug|Any CPU.Build.0 = Debug|Any CPU
		{DD0A758D-AD67-410D-999F-658C83B75207}.Release|Any CPU.ActiveCfg = Release|Any CPU
		{DD0A758D-AD67-410D-999F-658C83B75207}.Release|Any CPU.Build.0 = Release|Any CPU
		{31B816FE-7BEA-42B5-82CA-5ED96A51CC5F}.Debug|Any CPU.ActiveCfg = Debug|Any CPU
		{31B816FE-7BEA-42B5-82CA-5ED96A51CC5F}.Debug|Any CPU.Build.0 = Debug|Any CPU
		{31B816FE-7BEA-42B5-82CA-5ED96A51CC5F}.Release|Any CPU.ActiveCfg = Release|Any CPU
		{31B816FE-7BEA-42B5-82CA-5ED96A51CC5F}.Release|Any CPU.Build.0 = Release|Any CPU
	EndGlobalSection
	GlobalSection(SolutionProperties) = preSolution
		HideSolutionNode = FALSE
	EndGlobalSection
	GlobalSection(ExtensibilityGlobals) = postSolution
		SolutionGuid = {02B1A06B-41EB-40D6-A9C2-856D78E8040F}
	EndGlobalSection
EndGlobal
